{
  "nodes": {
    "nixpkgs": {
      "locked": {
        "lastModified": 1765186076,
        "narHash": "sha256-hM20uyap1a0M9d344I692r+ik4gTMyj60cQWO+hAYP8=",
        "rev": "addf7cf5f383a3101ecfba091b98d0a1263dc9b8",
        "revCount": 908783,
        "type": "tarball",
        "url": "https://api.flakehub.com/f/pinned/NixOS/nixpkgs/0.1.908783%2Brev-addf7cf5f383a3101ecfba091b98d0a1263dc9b8/019b03a0-b1e4-7f2a-9d10-ad8434116660/source.tar.gz"
      },
      "original": {
        "type": "tarball",
        "url": "https://flakehub.com/f/NixOS/nixpkgs/0.1.%2A.tar.gz"
      }
    },
    "root": {
      "inputs": {
        "nixpkgs": "nixpkgs",
        "rust-overlay": "rust-overlay"
      }
    },
    "rust-overlay": {
      "inputs": {
        "nixpkgs": [
          "nixpkgs"
        ]
      },
      "locked": {
        "lastModified": 1765420988,
        "narHash": "sha256-35VIWDwLN9gFLWLEJj70D8XRk8YuJjJZywefJRf3MXI=",
        "owner": "oxalica",
        "repo": "rust-overlay",
        "rev": "4f8466786e8bc7a90047ebe9367ba66ea76b7845",
        "type": "github"
      },
      "original": {
        "owner": "oxalica",
        "repo": "rust-overlay",
        "type": "github"
      }
    }
  },
  "root": "root",
  "version": 7
}
