{
  "nodes": {
    "nixpkgs": {
      "locked": {
        "lastModified": 1741513245,
        "narHash": "sha256-7rTAMNTY1xoBwz0h7ZMtEcd8LELk9R5TzBPoHuhNSCk=",
        "rev": "e3e32b642a31e6714ec1b712de8c91a3352ce7e1",
        "revCount": 764837,
        "type": "tarball",
        "url": "https://api.flakehub.com/f/pinned/NixOS/nixpkgs/0.1.764837%2Brev-e3e32b642a31e6714ec1b712de8c91a3352ce7e1/01958121-79c9-7d6f-97e7-cac922c11d7d/source.tar.gz"
      },
      "original": {
        "type": "tarball",
        "url": "https://flakehub.com/f/NixOS/nixpkgs/0.1.%2A.tar.gz"
      }
    },
    "root": {
      "inputs": {
        "nixpkgs": "nixpkgs",
        "rust-overlay": "rust-overlay"
      }
    },
    "rust-overlay": {
      "inputs": {
        "nixpkgs": [
          "nixpkgs"
        ]
      },
      "locked": {
        "lastModified": 1741746673,
        "narHash": "sha256-7L4J5F96ku6DBkbEwxNdPZF41bAEhMMoHUlZD/jGYq4=",
        "owner": "oxalica",
        "repo": "rust-overlay",
        "rev": "7af16cbd1464fddde8ad0c4ed7baaa2292445ba4",
        "type": "github"
      },
      "original": {
        "owner": "oxalica",
        "repo": "rust-overlay",
        "type": "github"
      }
    }
  },
  "root": "root",
  "version": 7
}
