{
  "nodes": {
    "nixpkgs": {
      "locked": {
        "lastModified": 1721379653,
        "narHash": "sha256-8MUgifkJ7lkZs3u99UDZMB4kbOxvMEXQZ31FO3SopZ0=",
        "rev": "1d9c2c9b3e71b9ee663d11c5d298727dace8d374",
        "revCount": 655136,
        "type": "tarball",
        "url": "https://api.flakehub.com/f/pinned/NixOS/nixpkgs/0.1.655136%2Brev-1d9c2c9b3e71b9ee663d11c5d298727dace8d374/0190cd4f-c0eb-72cb-834b-ac854aa282dc/source.tar.gz"
      },
      "original": {
        "type": "tarball",
        "url": "https://flakehub.com/f/NixOS/nixpkgs/0.1.%2A.tar.gz"
      }
    },
    "root": {
      "inputs": {
        "nixpkgs": "nixpkgs",
        "rust-overlay": "rust-overlay"
      }
    },
    "rust-overlay": {
      "inputs": {
        "nixpkgs": [
          "nixpkgs"
        ]
      },
      "locked": {
        "lastModified": 1721355572,
        "narHash": "sha256-I4TQ2guV9jTmZsXeWt5HMojcaqNZHII4zu0xIKZEovM=",
        "owner": "oxalica",
        "repo": "rust-overlay",
        "rev": "d5bc7b1b21cf937fb8ff108ae006f6776bdb163d",
        "type": "github"
      },
      "original": {
        "owner": "oxalica",
        "repo": "rust-overlay",
        "type": "github"
      }
    }
  },
  "root": "root",
  "version": 7
}
